{
  "nodes": {
    "herdr-skills": {
      "flake": false,
      "locked": {
        "lastModified": 1788808373,
        "narHash": "sha256-SUYF4bbaYwNgoe498VoCUzuLPcjBLQXR0o0DWjjoSnI=",
        "owner": "herdrdev",
        "repo": "herdr",
        "rev": "b99002ac99b09e00b4ca692436cb15a6b0d676f1",
        "type": "github"
      },
      "original": {
        "owner": "herdrdev",
        "ref": "v0.9.0",
        "repo": "herdr",
        "type": "github"
      }
    },
    "humanizer-skills": {
      "flake": false,
      "locked": {
        "lastModified": 1787119133,
        "narHash": "sha256-n08pud3m9ka1Ymqv6qinSCUku975FM2LJRboi9ur5D4=",
        "owner": "blader",
        "repo": "humanizer",
        "rev": "e2e92e7b4b8229253ed5c8e81dc65463fdeddda5",
        "type": "github"
      },
      "original": {
        "owner": "blader",
        "repo": "humanizer",
        "rev": "e2e92e7b4b8229253ed5c8e81dc65463fdeddda5",
        "type": "github"
      }
    },
    "humanlayer-skills": {
      "flake": false,
      "locked": {
        "lastModified": 1789646706,
        "narHash": "sha256-BX9k5S3hwgik7AKxssUVm7VQRTjgjXVVcE2Jph88tS0=",
        "owner": "humanlayer",
        "repo": "skills",
        "rev": "ca7c8088db69e315a8b2deea43820270457f8f3c",
        "type": "github"
      },
      "original": {
        "owner": "humanlayer",
        "repo": "skills",
        "rev": "ca7c8088db69e315a8b2deea43820270457f8f3c",
        "type": "github"
      }
    },
    "mattpocock-skills": {
      "flake": false,
      "locked": {
        "lastModified": 1786025105,
        "narHash": "sha256-I/EXHGW92nXz6JCLp8SKGgzXrbbUTkLAfxv8bc/ThwQ=",
        "owner": "mattpocock",
        "repo": "skills",
        "rev": "6acc160e4e0cd062dbbbd7a1b26ae92855edf07e",
        "type": "github"
      },
      "original": {
        "owner": "mattpocock",
        "ref": "v1.2.3",
        "repo": "skills",
        "type": "github"
      }
    },
    "qmx-skills": {
      "flake": false,
      "locked": {
        "lastModified": 1789787058,
        "narHash": "sha256-i3WL8LrTS1ZtSsI4wgmgIzZQYpzlivD2P2Ie9mXNgbw=",
        "owner": "qmx",
        "repo": "skills",
        "rev": "7f977fcd6790d5ae7c0403c8272565e469d64f06",
        "type": "github"
      },
      "original": {
        "owner": "qmx",
        "ref": "master",
        "repo": "skills",
        "type": "github"
      }
    },
    "root": {
      "inputs": {
        "herdr-skills": "herdr-skills",
        "humanizer-skills": "humanizer-skills",
        "humanlayer-skills": "humanlayer-skills",
        "mattpocock-skills": "mattpocock-skills",
        "qmx-skills": "qmx-skills"
      }
    }
  },
  "root": "root",
  "version": 7
}
